
Microsoft Visual Studio Solution File, Format Version 12.00
# Visual Studio Version 17
VisualStudioVersion = 17.1.32328.378
MinimumVisualStudioVersion = 10.0.40219.1
Project("{9A19103F-16F7-4668-BE54-9A1E7A4F7556}") = "MVC_PassportApp", "MVC_PassportApp\MVC_PassportApp.csproj", "{3FF54D80-8AA7-4E2E-880A-D213D7B559BA}"
EndProject
Project("{FAE04EC0-301F-11D3-BF4B-00C04F79EFBC}") = "API_PassportApplication", "API_PassportApplication\API_PassportApplication.csproj", "{5C7F7117-B766-4E59-B4AE-523015981F56}"
EndProject
Global
	GlobalSection(SolutionConfigurationPlatforms) = preSolution
		Debug|Any CPU = Debug|Any CPU
		Release|Any CPU = Release|Any CPU
	EndGlobalSection
	GlobalSection(ProjectConfigurationPlatforms) = postSolution
		{3FF54D80-8AA7-4E2E-880A-D213D7B559BA}.Debug|Any CPU.ActiveCfg = Debug|Any CPU
		{3FF54D80-8AA7-4E2E-880A-D213D7B559BA}.Debug|Any CPU.Build.0 = Debug|Any CPU
		{3FF54D80-8AA7-4E2E-880A-D213D7B559BA}.Release|Any CPU.ActiveCfg = Release|Any CPU
		{3FF54D80-8AA7-4E2E-880A-D213D7B559BA}.Release|Any CPU.Build.0 = Release|Any CPU
		{5C7F7117-B766-4E59-B4AE-523015981F56}.Debug|Any CPU.ActiveCfg = Debug|Any CPU
		{5C7F7117-B766-4E59-B4AE-523015981F56}.Debug|Any CPU.Build.0 = Debug|Any CPU
		{5C7F7117-B766-4E59-B4AE-523015981F56}.Release|Any CPU.ActiveCfg = Release|Any CPU
		{5C7F7117-B766-4E59-B4AE-523015981F56}.Release|Any CPU.Build.0 = Release|Any CPU
	EndGlobalSection
	GlobalSection(SolutionProperties) = preSolution
		HideSolutionNode = FALSE
	EndGlobalSection
	GlobalSection(ExtensibilityGlobals) = postSolution
		SolutionGuid = {4FD89907-3032-42E7-A735-B0729EFB3A6D}
	EndGlobalSection
EndGlobal
